
Microsoft Visual Studio Solution File, Format Version 12.00
# Visual Studio 15
VisualStudioVersion = 15.0.26124.0
MinimumVisualStudioVersion = 15.0.26124.0
Project("{F2A71F9B-5D33-465A-A702-920D77279786}") = "Domain", "Domain\Domain.fsproj", "{4CFA1F21-4505-4833-A98D-8883A9593A44}"
EndProject
Project("{F2A71F9B-5D33-465A-A702-920D77279786}") = "DomainTest", "DomainTest\DomainTest.fsproj", "{FAEBA869-B80D-4FE1-A0E1-84188269C393}"
EndProject
Global
	GlobalSection(SolutionConfigurationPlatforms) = preSolution
		Debug|Any CPU = Debug|Any CPU
		Debug|x64 = Debug|x64
		Debug|x86 = Debug|x86
		Release|Any CPU = Release|Any CPU
		Release|x64 = Release|x64
		Release|x86 = Release|x86
	EndGlobalSection
	GlobalSection(SolutionProperties) = preSolution
		HideSolutionNode = FALSE
	EndGlobalSection
	GlobalSection(ProjectConfigurationPlatforms) = postSolution
		{4CFA1F21-4505-4833-A98D-8883A9593A44}.Debug|Any CPU.ActiveCfg = Debug|Any CPU
		{4CFA1F21-4505-4833-A98D-8883A9593A44}.Debug|Any CPU.Build.0 = Debug|Any CPU
		{4CFA1F21-4505-4833-A98D-8883A9593A44}.Debug|x64.ActiveCfg = Debug|Any CPU
		{4CFA1F21-4505-4833-A98D-8883A9593A44}.Debug|x64.Build.0 = Debug|Any CPU
		{4CFA1F21-4505-4833-A98D-8883A9593A44}.Debug|x86.ActiveCfg = Debug|Any CPU
		{4CFA1F21-4505-4833-A98D-8883A9593A44}.Debug|x86.Build.0 = Debug|Any CPU
		{4CFA1F21-4505-4833-A98D-8883A9593A44}.Release|Any CPU.ActiveCfg = Release|Any CPU
		{4CFA1F21-4505-4833-A98D-8883A9593A44}.Release|Any CPU.Build.0 = Release|Any CPU
		{4CFA1F21-4505-4833-A98D-8883A9593A44}.Release|x64.ActiveCfg = Release|Any CPU
		{4CFA1F21-4505-4833-A98D-8883A9593A44}.Release|x64.Build.0 = Release|Any CPU
		{4CFA1F21-4505-4833-A98D-8883A9593A44}.Release|x86.ActiveCfg = Release|Any CPU
		{4CFA1F21-4505-4833-A98D-8883A9593A44}.Release|x86.Build.0 = Release|Any CPU
		{FAEBA869-B80D-4FE1-A0E1-84188269C393}.Debug|Any CPU.ActiveCfg = Debug|Any CPU
		{FAEBA869-B80D-4FE1-A0E1-84188269C393}.Debug|Any CPU.Build.0 = Debug|Any CPU
		{FAEBA869-B80D-4FE1-A0E1-84188269C393}.Debug|x64.ActiveCfg = Debug|Any CPU
		{FAEBA869-B80D-4FE1-A0E1-84188269C393}.Debug|x64.Build.0 = Debug|Any CPU
		{FAEBA869-B80D-4FE1-A0E1-84188269C393}.Debug|x86.ActiveCfg = Debug|Any CPU
		{FAEBA869-B80D-4FE1-A0E1-84188269C393}.Debug|x86.Build.0 = Debug|Any CPU
		{FAEBA869-B80D-4FE1-A0E1-84188269C393}.Release|Any CPU.ActiveCfg = Release|Any CPU
		{FAEBA869-B80D-4FE1-A0E1-84188269C393}.Release|Any CPU.Build.0 = Release|Any CPU
		{FAEBA869-B80D-4FE1-A0E1-84188269C393}.Release|x64.ActiveCfg = Release|Any CPU
		{FAEBA869-B80D-4FE1-A0E1-84188269C393}.Release|x64.Build.0 = Release|Any CPU
		{FAEBA869-B80D-4FE1-A0E1-84188269C393}.Release|x86.ActiveCfg = Release|Any CPU
		{FAEBA869-B80D-4FE1-A0E1-84188269C393}.Release|x86.Build.0 = Release|Any CPU
	EndGlobalSection
EndGlobal
